
Microsoft Visual Studio Solution File, Format Version 12.00
# Visual Studio Version 16
VisualStudioVersion = 16.0.32413.511
MinimumVisualStudioVersion = 10.0.40219.1
Project("{9A19103F-16F7-4668-BE54-9A1E7A4F7556}") = "OnlineBasket", "OnlineBasket\OnlineBasket.csproj", "{E4B46E77-883B-4BFC-8D29-BFE8E86AF405}"
EndProject
Project("{FAE04EC0-301F-11D3-BF4B-00C04F79EFBC}") = "OnlineMartMVC", "OnlineMartMVC\OnlineMartMVC.csproj", "{E2B23124-C8B5-4647-88A7-EB13BB1B8CC8}"
EndProject
Global
	GlobalSection(SolutionConfigurationPlatforms) = preSolution
		Debug|Any CPU = Debug|Any CPU
		Release|Any CPU = Release|Any CPU
	EndGlobalSection
	GlobalSection(ProjectConfigurationPlatforms) = postSolution
		{E4B46E77-883B-4BFC-8D29-BFE8E86AF405}.Debug|Any CPU.ActiveCfg = Debug|Any CPU
		{E4B46E77-883B-4BFC-8D29-BFE8E86AF405}.Debug|Any CPU.Build.0 = Debug|Any CPU
		{E4B46E77-883B-4BFC-8D29-BFE8E86AF405}.Release|Any CPU.ActiveCfg = Release|Any CPU
		{E4B46E77-883B-4BFC-8D29-BFE8E86AF405}.Release|Any CPU.Build.0 = Release|Any CPU
		{E2B23124-C8B5-4647-88A7-EB13BB1B8CC8}.Debug|Any CPU.ActiveCfg = Debug|Any CPU
		{E2B23124-C8B5-4647-88A7-EB13BB1B8CC8}.Debug|Any CPU.Build.0 = Debug|Any CPU
		{E2B23124-C8B5-4647-88A7-EB13BB1B8CC8}.Release|Any CPU.ActiveCfg = Release|Any CPU
		{E2B23124-C8B5-4647-88A7-EB13BB1B8CC8}.Release|Any CPU.Build.0 = Release|Any CPU
	EndGlobalSection
	GlobalSection(SolutionProperties) = preSolution
		HideSolutionNode = FALSE
	EndGlobalSection
	GlobalSection(ExtensibilityGlobals) = postSolution
		SolutionGuid = {909C595A-80CB-4A4C-92D6-68B170E1C838}
	EndGlobalSection
EndGlobal
